
Microsoft Visual Studio Solution File, Format Version 12.00
# Visual Studio Version 17
VisualStudioVersion = 17.3.32929.385
MinimumVisualStudioVersion = 10.0.40219.1
Project("{FAE04EC0-301F-11D3-BF4B-00C04F79EFBC}") = "08.11.2022", "08.11.2022\08.11.2022.csproj", "{73C1A3D6-003F-4B72-9F9B-E521DD93044F}"
EndProject
Project("{FAE04EC0-301F-11D3-BF4B-00C04F79EFBC}") = "LINQ", "LINQ\LINQ.csproj", "{65A6F8B8-0F75-4EFB-BA22-71C9E3264D56}"
EndProject
Global
	GlobalSection(SolutionConfigurationPlatforms) = preSolution
		Debug|Any CPU = Debug|Any CPU
		Release|Any CPU = Release|Any CPU
	EndGlobalSection
	GlobalSection(ProjectConfigurationPlatforms) = postSolution
		{73C1A3D6-003F-4B72-9F9B-E521DD93044F}.Debug|Any CPU.ActiveCfg = Debug|Any CPU
		{73C1A3D6-003F-4B72-9F9B-E521DD93044F}.Debug|Any CPU.Build.0 = Debug|Any CPU
		{73C1A3D6-003F-4B72-9F9B-E521DD93044F}.Release|Any CPU.ActiveCfg = Release|Any CPU
		{73C1A3D6-003F-4B72-9F9B-E521DD93044F}.Release|Any CPU.Build.0 = Release|Any CPU
		{65A6F8B8-0F75-4EFB-BA22-71C9E3264D56}.Debug|Any CPU.ActiveCfg = Debug|Any CPU
		{65A6F8B8-0F75-4EFB-BA22-71C9E3264D56}.Debug|Any CPU.Build.0 = Debug|Any CPU
		{65A6F8B8-0F75-4EFB-BA22-71C9E3264D56}.Release|Any CPU.ActiveCfg = Release|Any CPU
		{65A6F8B8-0F75-4EFB-BA22-71C9E3264D56}.Release|Any CPU.Build.0 = Release|Any CPU
	EndGlobalSection
	GlobalSection(SolutionProperties) = preSolution
		HideSolutionNode = FALSE
	EndGlobalSection
	GlobalSection(ExtensibilityGlobals) = postSolution
		SolutionGuid = {36617FCD-9B6E-424D-B9F6-4E656DFB499F}
	EndGlobalSection
EndGlobal
